<Solution>
  <Project Path="CityGeneratorSystem.Editor.csproj" />
  <Project Path="DroneVisualPipeline.csproj" />
  <Project Path="Assembly-CSharp.csproj" />
  <Project Path="CityGeneratorSystem.csproj" />
  <Project Path="DroneSensorSystem.Tests.csproj" />
  <Project Path="DroneSensorSystem.csproj" />
  <Project Path="Unity.XR.Interaction.Toolkit.Samples.StarterAssets.csproj" />
  <Project Path="Unity.XR.Interaction.Toolkit.Samples.StarterAssets.Editor.csproj" />
  <Project Path="Unity.XR.Interaction.Toolkit.Samples.Hands.csproj" />
  <Project Path="DroneVisualPipelineEditor.csproj" />
  <Project Path="Unity.XR.Hands.Samples.VisualizerSample.csproj" />
  <Project Path="DroneControlPlayModeTests.csproj" />
  <Project Path="Assembly-CSharp-Editor.csproj" />
  <Project Path="DroneVisualPipelineTests.csproj" />
  <Project Path="DroneCameraSystem.Tests.csproj" />
  <Project Path="Unity.XR.Interaction.Toolkit.Samples.Hands.Editor.csproj" />
  <Project Path="DroneCameraSystem.csproj" />
</Solution>
