<Solution>
  <Project Path="ProceduralCityGenerator.Editor.csproj" />
  <Project Path="Assembly-CSharp.csproj" />
  <Project Path="ProceduralCityGenerator.csproj" />
  <Project Path="DroneSensorSystemTests.csproj" />
  <Project Path="DroneSensorSystem.csproj" />
  <Project Path="Unity.XR.Interaction.Toolkit.Samples.StarterAssets.csproj" />
  <Project Path="Unity.XR.Interaction.Toolkit.Samples.StarterAssets.Editor.csproj" />
  <Project Path="Unity.XR.Interaction.Toolkit.Samples.Hands.csproj" />
  <Project Path="Unity.XR.Hands.Samples.VisualizerSample.csproj" />
  <Project Path="DroneControlPlayModeTests.csproj" />
  <Project Path="Unity.XR.Interaction.Toolkit.Samples.Hands.Editor.csproj" />
</Solution>
